// !$*UTF8*$!
{
	archiveVersion = 1;
	classes = {
	};
	objectVersion = 77;
	objects = {

/* Begin PBXBuildFile section */
		AFF02FCE2C9A0A6200C38813 /* Amplify in Frameworks */ = {isa = PBXBuildFile; productRef = AFF02FCD2C9A0A6200C38813 /* Amplify */; };
		AFF02FD02C9A108F00C38813 /* amplifyconfiguration.json in Resources */ = {isa = PBXBuildFile; fileRef = AFF02FCF2C9A108F00C38813 /* amplifyconfiguration.json */; };
		AFF02FD32C9B605F00C38813 /* AWSCognitoAuthPlugin in Frameworks */ = {isa = PBXBuildFile; productRef = AFF02FD22C9B605F00C38813 /* AWSCognitoAuthPlugin */; };
		AFF02FEC2C9DBCD000C38813 /* AWSAPIPlugin in Frameworks */ = {isa = PBXBuildFile; productRef = AFF02FEB2C9DBCD000C38813 /* AWSAPIPlugin */; };
/* End PBXBuildFile section */

/* Begin PBXFileReference section */
		AFF02FB52C9A04B000C38813 /* GettingStarted.app */ = {isa = PBXFileReference; explicitFileType = wrapper.application; includeInIndex = 0; path = GettingStarted.app; sourceTree = BUILT_PRODUCTS_DIR; };
		AFF02FCF2C9A108F00C38813 /* amplifyconfiguration.json */ = {isa = PBXFileReference; lastKnownFileType = text.json; path = amplifyconfiguration.json; sourceTree = "<group>"; };
/* End PBXFileReference section */

/* Begin PBXFileSystemSynchronizedBuildFileExceptionSet section */
		AFF02FD52C9B607300C38813 /* Exceptions for "GettingStarted" folder in "GettingStarted" target */ = {
			isa = PBXFileSystemSynchronizedBuildFileExceptionSet;
			membershipExceptions = (
				Info.plist,
			);
			target = AFF02FB42C9A04B000C38813 /* GettingStarted */;
		};
/* End PBXFileSystemSynchronizedBuildFileExceptionSet section */

/* Begin PBXFileSystemSynchronizedRootGroup section */
		AFF02FB72C9A04B000C38813 /* GettingStarted */ = {
			isa = PBXFileSystemSynchronizedRootGroup;
			exceptions = (
				AFF02FD52C9B607300C38813 /* Exceptions for "GettingStarted" folder in "GettingStarted" target */,
			);
			path = GettingStarted;
			sourceTree = "<group>";
		};
/* End PBXFileSystemSynchronizedRootGroup section */

/* Begin PBXFrameworksBuildPhase section */
		AFF02FB22C9A04B000C38813 /* Frameworks */ = {
			isa = PBXFrameworksBuildPhase;
			buildActionMask = 2147483647;
			files = (
				AFF02FEC2C9DBCD000C38813 /* AWSAPIPlugin in Frameworks */,
				AFF02FCE2C9A0A6200C38813 /* Amplify in Frameworks */,
				AFF02FD32C9B605F00C38813 /* AWSCognitoAuthPlugin in Frameworks */,
			);
			runOnlyForDeploymentPostprocessing = 0;
		};
/* End PBXFrameworksBuildPhase section */

/* Begin PBXGroup section */
		AFF02FAC2C9A04B000C38813 = {
			isa = PBXGroup;
			children = (
				AFF02FCF2C9A108F00C38813 /* amplifyconfiguration.json */,
				AFF02FB72C9A04B000C38813 /* GettingStarted */,
				AFF02FD12C9B605F00C38813 /* Frameworks */,
				AFF02FB62C9A04B000C38813 /* Products */,
			);
			sourceTree = "<group>";
		};
		AFF02FB62C9A04B000C38813 /* Products */ = {
			isa = PBXGroup;
			children = (
				AFF02FB52C9A04B000C38813 /* GettingStarted.app */,
			);
			name = Products;
			sourceTree = "<group>";
		};
		AFF02FD12C9B605F00C38813 /* Frameworks */ = {
			isa = PBXGroup;
			children = (
			);
			name = Frameworks;
			sourceTree = "<group>";
		};
/* End PBXGroup section */

/* Begin PBXNativeTarget section */
		AFF02FB42C9A04B000C38813 /* GettingStarted */ = {
			isa = PBXNativeTarget;
			buildConfigurationList = AFF02FC32C9A04B200C38813 /* Build configuration list for PBXNativeTarget "GettingStarted" */;
			buildPhases = (
				AFF02FB12C9A04B000C38813 /* Sources */,
				AFF02FB22C9A04B000C38813 /* Frameworks */,
				AFF02FB32C9A04B000C38813 /* Resources */,
			);
			buildRules = (
			);
			dependencies = (
			);
			fileSystemSynchronizedGroups = (
				AFF02FB72C9A04B000C38813 /* GettingStarted */,
			);
			name = GettingStarted;
			packageProductDependencies = (
				AFF02FCD2C9A0A6200C38813 /* Amplify */,
				AFF02FD22C9B605F00C38813 /* AWSCognitoAuthPlugin */,
				AFF02FEB2C9DBCD000C38813 /* AWSAPIPlugin */,
			);
			productName = GettingStarted;
			productReference = AFF02FB52C9A04B000C38813 /* GettingStarted.app */;
			productType = "com.apple.product-type.application";
		};
/* End PBXNativeTarget section */

/* Begin PBXProject section */
		AFF02FAD2C9A04B000C38813 /* Project object */ = {
			isa = PBXProject;
			attributes = {
				BuildIndependentTargetsInParallel = 1;
				LastSwiftUpdateCheck = 1600;
				LastUpgradeCheck = 1600;
				TargetAttributes = {
					AFF02FB42C9A04B000C38813 = {
						CreatedOnToolsVersion = 16.0;
					};
				};
			};
			buildConfigurationList = AFF02FB02C9A04B000C38813 /* Build configuration list for PBXProject "GettingStarted" */;
			developmentRegion = en;
			hasScannedForEncodings = 0;
			knownRegions = (
				en,
				Base,
			);
			mainGroup = AFF02FAC2C9A04B000C38813;
			minimizedProjectReferenceProxies = 1;
			packageReferences = (
				AFF02FCC2C9A0A6200C38813 /* XCRemoteSwiftPackageReference "amplify-swift" */,
			);
			preferredProjectObjectVersion = 77;
			productRefGroup = AFF02FB62C9A04B000C38813 /* Products */;
			projectDirPath = "";
			projectRoot = "";
			targets = (
				AFF02FB42C9A04B000C38813 /* GettingStarted */,
			);
		};
/* End PBXProject section */

/* Begin PBXResourcesBuildPhase section */
		AFF02FB32C9A04B000C38813 /* Resources */ = {
			isa = PBXResourcesBuildPhase;
			buildActionMask = 2147483647;
			files = (
				AFF02FD02C9A108F00C38813 /* amplifyconfiguration.json in Resources */,
			);
			runOnlyForDeploymentPostprocessing = 0;
		};
/* End PBXResourcesBuildPhase section */

/* Begin PBXSourcesBuildPhase section */
		AFF02FB12C9A04B000C38813 /* Sources */ = {
			isa = PBXSourcesBuildPhase;
			buildActionMask = 2147483647;
			files = (
			);
			runOnlyForDeploymentPostprocessing = 0;
		};
/* End PBXSourcesBuildPhase section */

/* Begin XCBuildConfiguration section */
		AFF02FC12C9A04B200C38813 /* Debug */ = {
			isa = XCBuildConfiguration;
			buildSettings = {
				ALWAYS_SEARCH_USER_PATHS = NO;
				ASSETCATALOG_COMPILER_GENERATE_SWIFT_ASSET_SYMBOL_EXTENSIONS = YES;
				CLANG_ANALYZER_NONNULL = YES;
				CLANG_ANALYZER_NUMBER_OBJECT_CONVERSION = YES_AGGRESSIVE;
				CLANG_CXX_LANGUAGE_STANDARD = "gnu++20";
				CLANG_ENABLE_MODULES = YES;
				CLANG_ENABLE_OBJC_ARC = YES;
				CLANG_ENABLE_OBJC_WEAK = YES;
				CLANG_WARN_BLOCK_CAPTURE_AUTORELEASING = YES;
				CLANG_WARN_BOOL_CONVERSION = YES;
				CLANG_WARN_COMMA = YES;
				CLANG_WARN_CONSTANT_CONVERSION = YES;
				CLANG_WARN_DEPRECATED_OBJC_IMPLEMENTATIONS = YES;
				CLANG_WARN_DIRECT_OBJC_ISA_USAGE = YES_ERROR;
				CLANG_WARN_DOCUMENTATION_COMMENTS = YES;
				CLANG_WARN_EMPTY_BODY = YES;
				CLANG_WARN_ENUM_CONVERSION = YES;
				CLANG_WARN_INFINITE_RECURSION = YES;
				CLANG_WARN_INT_CONVERSION = YES;
				CLANG_WARN_NON_LITERAL_NULL_CONVERSION = YES;
				CLANG_WARN_OBJC_IMPLICIT_RETAIN_SELF = YES;
				CLANG_WARN_OBJC_LITERAL_CONVERSION = YES;
				CLANG_WARN_OBJC_ROOT_CLASS = YES_ERROR;
				CLANG_WARN_QUOTED_INCLUDE_IN_FRAMEWORK_HEADER = YES;
				CLANG_WARN_RANGE_LOOP_ANALYSIS = YES;
				CLANG_WARN_STRICT_PROTOTYPES = YES;
				CLANG_WARN_SUSPICIOUS_MOVE = YES;
				CLANG_WARN_UNGUARDED_AVAILABILITY = YES_AGGRESSIVE;
				CLANG_WARN_UNREACHABLE_CODE = YES;
				CLANG_WARN__DUPLICATE_METHOD_MATCH = YES;
				COPY_PHASE_STRIP = NO;
				DEBUG_INFORMATION_FORMAT = dwarf;
				ENABLE_STRICT_OBJC_MSGSEND = YES;
				ENABLE_TESTABILITY = YES;
				ENABLE_USER_SCRIPT_SANDBOXING = YES;
				GCC_C_LANGUAGE_STANDARD = gnu17;
				GCC_DYNAMIC_NO_PIC = NO;
				GCC_NO_COMMON_BLOCKS = YES;
				GCC_OPTIMIZATION_LEVEL = 0;
				GCC_PREPROCESSOR_DEFINITIONS = (
					"DEBUG=1",
					"$(inherited)",
				);
				GCC_WARN_64_TO_32_BIT_CONVERSION = YES;
				GCC_WARN_ABOUT_RETURN_TYPE = YES_ERROR;
				GCC_WARN_UNDECLARED_SELECTOR = YES;
				GCC_WARN_UNINITIALIZED_AUTOS = YES_AGGRESSIVE;
				GCC_WARN_UNUSED_FUNCTION = YES;
				GCC_WARN_UNUSED_VARIABLE = YES;
				IPHONEOS_DEPLOYMENT_TARGET = 18.0;
				LOCALIZATION_PREFERS_STRING_CATALOGS = YES;
				MTL_ENABLE_DEBUG_INFO = INCLUDE_SOURCE;
				MTL_FAST_MATH = YES;
				ONLY_ACTIVE_ARCH = YES;
				SDKROOT = iphoneos;
				SWIFT_ACTIVE_COMPILATION_CONDITIONS = "DEBUG $(inherited)";
				SWIFT_OPTIMIZATION_LEVEL = "-Onone";
			};
			name = Debug;
		};
		AFF02FC22C9A04B200C38813 /* Release */ = {
			isa = XCBuildConfiguration;
			buildSettings = {
				ALWAYS_SEARCH_USER_PATHS = NO;
				ASSETCATALOG_COMPILER_GENERATE_SWIFT_ASSET_SYMBOL_EXTENSIONS = YES;
				CLANG_ANALYZER_NONNULL = YES;
				CLANG_ANALYZER_NUMBER_OBJECT_CONVERSION = YES_AGGRESSIVE;
				CLANG_CXX_LANGUAGE_STANDARD = "gnu++20";
				CLANG_ENABLE_MODULES = YES;
				CLANG_ENABLE_OBJC_ARC = YES;
				CLANG_ENABLE_OBJC_WEAK = YES;
				CLANG_WARN_BLOCK_CAPTURE_AUTORELEASING = YES;
				CLANG_WARN_BOOL_CONVERSION = YES;
				CLANG_WARN_COMMA = YES;
				CLANG_WARN_CONSTANT_CONVERSION = YES;
				CLANG_WARN_DEPRECATED_OBJC_IMPLEMENTATIONS = YES;
				CLANG_WARN_DIRECT_OBJC_ISA_USAGE = YES_ERROR;
				CLANG_WARN_DOCUMENTATION_COMMENTS = YES;
				CLANG_WARN_EMPTY_BODY = YES;
				CLANG_WARN_ENUM_CONVERSION = YES;
				CLANG_WARN_INFINITE_RECURSION = YES;
				CLANG_WARN_INT_CONVERSION = YES;
				CLANG_WARN_NON_LITERAL_NULL_CONVERSION = YES;
				CLANG_WARN_OBJC_IMPLICIT_RETAIN_SELF = YES;
				CLANG_WARN_OBJC_LITERAL_CONVERSION = YES;
				CLANG_WARN_OBJC_ROOT_CLASS = YES_ERROR;
				CLANG_WARN_QUOTED_INCLUDE_IN_FRAMEWORK_HEADER = YES;
				CLANG_WARN_RANGE_LOOP_ANALYSIS = YES;
				CLANG_WARN_STRICT_PROTOTYPES = YES;
				CLANG_WARN_SUSPICIOUS_MOVE = YES;
				CLANG_WARN_UNGUARDED_AVAILABILITY = YES_AGGRESSIVE;
				CLANG_WARN_UNREACHABLE_CODE = YES;
				CLANG_WARN__DUPLICATE_METHOD_MATCH = YES;
				COPY_PHASE_STRIP = NO;
				DEBUG_INFORMATION_FORMAT = "dwarf-with-dsym";
				ENABLE_NS_ASSERTIONS = NO;
				ENABLE_STRICT_OBJC_MSGSEND = YES;
				ENABLE_USER_SCRIPT_SANDBOXING = YES;
				GCC_C_LANGUAGE_STANDARD = gnu17;
				GCC_NO_COMMON_BLOCKS = YES;
				GCC_WARN_64_TO_32_BIT_CONVERSION = YES;
				GCC_WARN_ABOUT_RETURN_TYPE = YES_ERROR;
				GCC_WARN_UNDECLARED_SELECTOR = YES;
				GCC_WARN_UNINITIALIZED_AUTOS = YES_AGGRESSIVE;
				GCC_WARN_UNUSED_FUNCTION = YES;
				GCC_WARN_UNUSED_VARIABLE = YES;
				IPHONEOS_DEPLOYMENT_TARGET = 18.0;
				LOCALIZATION_PREFERS_STRING_CATALOGS = YES;
				MTL_ENABLE_DEBUG_INFO = NO;
				MTL_FAST_MATH = YES;
				SDKROOT = iphoneos;
				SWIFT_COMPILATION_MODE = wholemodule;
				VALIDATE_PRODUCT = YES;
			};
			name = Release;
		};
		AFF02FC42C9A04B200C38813 /* Debug */ = {
			isa = XCBuildConfiguration;
			buildSettings = {
				ASSETCATALOG_COMPILER_APPICON_NAME = AppIcon;
				ASSETCATALOG_COMPILER_GLOBAL_ACCENT_COLOR_NAME = AccentColor;
				CODE_SIGN_STYLE = Automatic;
				CURRENT_PROJECT_VERSION = 1;
				DEVELOPMENT_ASSET_PATHS = "\"GettingStarted/Preview Content\"";
				DEVELOPMENT_TEAM = K6K3G442S7;
				ENABLE_PREVIEWS = YES;
				GENERATE_INFOPLIST_FILE = YES;
				INFOPLIST_FILE = GettingStarted/Info.plist;
				INFOPLIST_KEY_UIApplicationSceneManifest_Generation = YES;
				INFOPLIST_KEY_UIApplicationSupportsIndirectInputEvents = YES;
				INFOPLIST_KEY_UILaunchScreen_Generation = YES;
				INFOPLIST_KEY_UISupportedInterfaceOrientations_iPad = "UIInterfaceOrientationPortrait UIInterfaceOrientationPortraitUpsideDown UIInterfaceOrientationLandscapeLeft UIInterfaceOrientationLandscapeRight";
				INFOPLIST_KEY_UISupportedInterfaceOrientations_iPhone = "UIInterfaceOrientationPortrait UIInterfaceOrientationLandscapeLeft UIInterfaceOrientationLandscapeRight";
				IPHONEOS_DEPLOYMENT_TARGET = 16.6;
				LD_RUNPATH_SEARCH_PATHS = (
					"$(inherited)",
					"@executable_path/Frameworks",
				);
				MARKETING_VERSION = 1.0;
				PRODUCT_BUNDLE_IDENTIFIER = com.ub.pranav.aws.amplify.swift.GettingStarted;
				PRODUCT_NAME = "$(TARGET_NAME)";
				SUPPORTED_PLATFORMS = "iphoneos iphonesimulator";
				SUPPORTS_MACCATALYST = NO;
				SUPPORTS_MAC_DESIGNED_FOR_IPHONE_IPAD = NO;
				SUPPORTS_XR_DESIGNED_FOR_IPHONE_IPAD = NO;
				SWIFT_EMIT_LOC_STRINGS = YES;
				SWIFT_VERSION = 5.0;
				TARGETED_DEVICE_FAMILY = "1,2";
			};
			name = Debug;
		};
		AFF02FC52C9A04B200C38813 /* Release */ = {
			isa = XCBuildConfiguration;
			buildSettings = {
				ASSETCATALOG_COMPILER_APPICON_NAME = AppIcon;
				ASSETCATALOG_COMPILER_GLOBAL_ACCENT_COLOR_NAME = AccentColor;
				CODE_SIGN_STYLE = Automatic;
				CURRENT_PROJECT_VERSION = 1;
				DEVELOPMENT_ASSET_PATHS = "\"GettingStarted/Preview Content\"";
				DEVELOPMENT_TEAM = K6K3G442S7;
				ENABLE_PREVIEWS = YES;
				GENERATE_INFOPLIST_FILE = YES;
				INFOPLIST_FILE = GettingStarted/Info.plist;
				INFOPLIST_KEY_UIApplicationSceneManifest_Generation = YES;
				INFOPLIST_KEY_UIApplicationSupportsIndirectInputEvents = YES;
				INFOPLIST_KEY_UILaunchScreen_Generation = YES;
				INFOPLIST_KEY_UISupportedInterfaceOrientations_iPad = "UIInterfaceOrientationPortrait UIInterfaceOrientationPortraitUpsideDown UIInterfaceOrientationLandscapeLeft UIInterfaceOrientationLandscapeRight";
				INFOPLIST_KEY_UISupportedInterfaceOrientations_iPhone = "UIInterfaceOrientationPortrait UIInterfaceOrientationLandscapeLeft UIInterfaceOrientationLandscapeRight";
				IPHONEOS_DEPLOYMENT_TARGET = 16.6;
				LD_RUNPATH_SEARCH_PATHS = (
					"$(inherited)",
					"@executable_path/Frameworks",
				);
				MARKETING_VERSION = 1.0;
				PRODUCT_BUNDLE_IDENTIFIER = com.ub.pranav.aws.amplify.swift.GettingStarted;
				PRODUCT_NAME = "$(TARGET_NAME)";
				SUPPORTED_PLATFORMS = "iphoneos iphonesimulator";
				SUPPORTS_MACCATALYST = NO;
				SUPPORTS_MAC_DESIGNED_FOR_IPHONE_IPAD = NO;
				SUPPORTS_XR_DESIGNED_FOR_IPHONE_IPAD = NO;
				SWIFT_EMIT_LOC_STRINGS = YES;
				SWIFT_VERSION = 5.0;
				TARGETED_DEVICE_FAMILY = "1,2";
			};
			name = Release;
		};
/* End XCBuildConfiguration section */

/* Begin XCConfigurationList section */
		AFF02FB02C9A04B000C38813 /* Build configuration list for PBXProject "GettingStarted" */ = {
			isa = XCConfigurationList;
			buildConfigurations = (
				AFF02FC12C9A04B200C38813 /* Debug */,
				AFF02FC22C9A04B200C38813 /* Release */,
			);
			defaultConfigurationIsVisible = 0;
			defaultConfigurationName = Release;
		};
		AFF02FC32C9A04B200C38813 /* Build configuration list for PBXNativeTarget "GettingStarted" */ = {
			isa = XCConfigurationList;
			buildConfigurations = (
				AFF02FC42C9A04B200C38813 /* Debug */,
				AFF02FC52C9A04B200C38813 /* Release */,
			);
			defaultConfigurationIsVisible = 0;
			defaultConfigurationName = Release;
		};
/* End XCConfigurationList section */

/* Begin XCRemoteSwiftPackageReference section */
		AFF02FCC2C9A0A6200C38813 /* XCRemoteSwiftPackageReference "amplify-swift" */ = {
			isa = XCRemoteSwiftPackageReference;
			repositoryURL = "https://github.com/aws-amplify/amplify-swift";
			requirement = {
				kind = upToNextMajorVersion;
				minimumVersion = 2.39.1;
			};
		};
/* End XCRemoteSwiftPackageReference section */

/* Begin XCSwiftPackageProductDependency section */
		AFF02FCD2C9A0A6200C38813 /* Amplify */ = {
			isa = XCSwiftPackageProductDependency;
			package = AFF02FCC2C9A0A6200C38813 /* XCRemoteSwiftPackageReference "amplify-swift" */;
			productName = Amplify;
		};
		AFF02FD22C9B605F00C38813 /* AWSCognitoAuthPlugin */ = {
			isa = XCSwiftPackageProductDependency;
			package = AFF02FCC2C9A0A6200C38813 /* XCRemoteSwiftPackageReference "amplify-swift" */;
			productName = AWSCognitoAuthPlugin;
		};
		AFF02FEB2C9DBCD000C38813 /* AWSAPIPlugin */ = {
			isa = XCSwiftPackageProductDependency;
			package = AFF02FCC2C9A0A6200C38813 /* XCRemoteSwiftPackageReference "amplify-swift" */;
			productName = AWSAPIPlugin;
		};
/* End XCSwiftPackageProductDependency section */
	};
	rootObject = AFF02FAD2C9A04B000C38813 /* Project object */;
}
